{
  "name": "noir-music-bot",
  "version": "1.0.0",
  "lockfileVersion": 3,
  "requires": true,
  "packages": {
    "": {
      "name": "noir-music-bot",
      "version": "1.0.0",
      "engines": {
        "node": ">=20.0.0"
      },
      "dependencies": {
        "discord.js": "^14.15.3",
        "lavalink-client": "2.10.4",
        "@prisma/client": "^5.18.0",
        "dotenv": "^16.4.5",
        "pino": "^9.3.2",
        "pino-pretty": "^11.2.2"
      },
      "devDependencies": {
        "typescript": "^5.5.4",
        "ts-node": "^10.9.2",
        "ts-node-dev": "^2.0.0",
        "vitest": "^2.0.5",
        "prisma": "^5.18.0",
        "@types/node": "^20.14.15",
        "@vitest/coverage-v8": "^2.0.5"
      }
    }
  }
}
